
Microsoft Visual Studio Solution File, Format Version 12.00
# Visual Studio Version 16
VisualStudioVersion = 16.0.31112.23
MinimumVisualStudioVersion = 10.0.40219.1
Project("{FAE04EC0-301F-11D3-BF4B-00C04F79EFBC}") = "BackEnd", "PadronElectoral\BackEnd.csproj", "{1B6314E7-C789-4597-B46B-AB8FA4EC0686}"
EndProject
Project("{FAE04EC0-301F-11D3-BF4B-00C04F79EFBC}") = "BackEndAPI", "FrontEndAPI\BackEndAPI.csproj", "{0A1201E8-9AA9-4883-A5E9-80561043CCC3}"
EndProject
Global
	GlobalSection(SolutionConfigurationPlatforms) = preSolution
		Debug|Any CPU = Debug|Any CPU
		Release|Any CPU = Release|Any CPU
	EndGlobalSection
	GlobalSection(ProjectConfigurationPlatforms) = postSolution
		{1B6314E7-C789-4597-B46B-AB8FA4EC0686}.Debug|Any CPU.ActiveCfg = Debug|Any CPU
		{1B6314E7-C789-4597-B46B-AB8FA4EC0686}.Debug|Any CPU.Build.0 = Debug|Any CPU
		{1B6314E7-C789-4597-B46B-AB8FA4EC0686}.Release|Any CPU.ActiveCfg = Release|Any CPU
		{1B6314E7-C789-4597-B46B-AB8FA4EC0686}.Release|Any CPU.Build.0 = Release|Any CPU
		{0A1201E8-9AA9-4883-A5E9-80561043CCC3}.Debug|Any CPU.ActiveCfg = Debug|Any CPU
		{0A1201E8-9AA9-4883-A5E9-80561043CCC3}.Debug|Any CPU.Build.0 = Debug|Any CPU
		{0A1201E8-9AA9-4883-A5E9-80561043CCC3}.Release|Any CPU.ActiveCfg = Release|Any CPU
		{0A1201E8-9AA9-4883-A5E9-80561043CCC3}.Release|Any CPU.Build.0 = Release|Any CPU
	EndGlobalSection
	GlobalSection(SolutionProperties) = preSolution
		HideSolutionNode = FALSE
	EndGlobalSection
	GlobalSection(ExtensibilityGlobals) = postSolution
		SolutionGuid = {E74C98FB-E80D-402E-8B26-07ABA225FDA0}
	EndGlobalSection
EndGlobal
